// !$*UTF8*$!
{
	archiveVersion = 1;
	classes = {
	};
	objectVersion = 50;
	objects = {

/* Begin PBXBuildFile section */
		C32E1EC82104269400515054 /* VoteViewController.swift in Sources */ = {isa = PBXBuildFile; fileRef = C32E1EC72104269400515054 /* VoteViewController.swift */; };
		C32E1ECA210426AB00515054 /* EventBookletViewController.swift in Sources */ = {isa = PBXBuildFile; fileRef = C32E1EC9210426AB00515054 /* EventBookletViewController.swift */; };
		C32E1ECC21042F3700515054 /* CustomDrawView.swift in Sources */ = {isa = PBXBuildFile; fileRef = C32E1ECB21042F3700515054 /* CustomDrawView.swift */; };
		C33785BC2110CDB30082BDDC /* MessageViewController.swift in Sources */ = {isa = PBXBuildFile; fileRef = C33785BB2110CDB30082BDDC /* MessageViewController.swift */; };
		C33785C22110CDD30082BDDC /* camera.json in Resources */ = {isa = PBXBuildFile; fileRef = C33785BD2110CDD10082BDDC /* camera.json */; };
		C33785C32110CDD30082BDDC /* not_found.json in Resources */ = {isa = PBXBuildFile; fileRef = C33785BE2110CDD10082BDDC /* not_found.json */; };
		C33785C42110CDD30082BDDC /* no_connection.json in Resources */ = {isa = PBXBuildFile; fileRef = C33785BF2110CDD10082BDDC /* no_connection.json */; };
		C33785C52110CDD30082BDDC /* notification.json in Resources */ = {isa = PBXBuildFile; fileRef = C33785C02110CDD20082BDDC /* notification.json */; };
		C33785C62110CDD30082BDDC /* round.json in Resources */ = {isa = PBXBuildFile; fileRef = C33785C12110CDD30082BDDC /* round.json */; };
		C33785C82110CDEB0082BDDC /* swipe_left.json in Resources */ = {isa = PBXBuildFile; fileRef = C33785C72110CDEB0082BDDC /* swipe_left.json */; };
		C33785CA2110CDF80082BDDC /* find_object.json in Resources */ = {isa = PBXBuildFile; fileRef = C33785C92110CDF80082BDDC /* find_object.json */; };
		C33785CC2110CF1D0082BDDC /* ViewController+Dismiss.swift in Sources */ = {isa = PBXBuildFile; fileRef = C33785CB2110CF1D0082BDDC /* ViewController+Dismiss.swift */; };
		C35CC3D821050CE900FF282E /* Votebar.swift in Sources */ = {isa = PBXBuildFile; fileRef = C35CC3D721050CE900FF282E /* Votebar.swift */; };
		C35CC3DA21050CEC00FF282E /* UIView+RoundedExtension.swift in Sources */ = {isa = PBXBuildFile; fileRef = C35CC3D921050CEC00FF282E /* UIView+RoundedExtension.swift */; };
		C35CC3DC210513C100FF282E /* CustomLayout.swift in Sources */ = {isa = PBXBuildFile; fileRef = C35CC3DB210513C100FF282E /* CustomLayout.swift */; };
		C35CC3DE210522A400FF282E /* HeaderViewCell.swift in Sources */ = {isa = PBXBuildFile; fileRef = C35CC3DD210522A400FF282E /* HeaderViewCell.swift */; };
		C35CC3E021067E9B00FF282E /* BookletHeaderViewCell.swift in Sources */ = {isa = PBXBuildFile; fileRef = C35CC3DF21067E9B00FF282E /* BookletHeaderViewCell.swift */; };
		C35CC3E4210681F800FF282E /* Connection.swift in Sources */ = {isa = PBXBuildFile; fileRef = C35CC3E3210681F800FF282E /* Connection.swift */; };
		C35CC3E621068CBC00FF282E /* EventCollectionViewCell.swift in Sources */ = {isa = PBXBuildFile; fileRef = C35CC3E521068CBC00FF282E /* EventCollectionViewCell.swift */; };
		C35CC3E92106A89000FF282E /* UIImage+ColorImage.swift in Sources */ = {isa = PBXBuildFile; fileRef = C35CC3E82106A89000FF282E /* UIImage+ColorImage.swift */; };
		C35CC3EB2106A96400FF282E /* Float+Random.swift in Sources */ = {isa = PBXBuildFile; fileRef = C35CC3EA2106A96300FF282E /* Float+Random.swift */; };
		C35CC3EF2107869800FF282E /* NestedCollectionViewCell.swift in Sources */ = {isa = PBXBuildFile; fileRef = C35CC3EE2107869700FF282E /* NestedCollectionViewCell.swift */; };
		C35CC3F121078C4400FF282E /* MainNaviViewController.swift in Sources */ = {isa = PBXBuildFile; fileRef = C35CC3F021078C4400FF282E /* MainNaviViewController.swift */; };
		C35CC3F32107966C00FF282E /* UICollectionView+Extension.swift in Sources */ = {isa = PBXBuildFile; fileRef = C35CC3F22107966C00FF282E /* UICollectionView+Extension.swift */; };
		C35CC3F72107976400FF282E /* NSLayoutConstraint+Extension.swift in Sources */ = {isa = PBXBuildFile; fileRef = C35CC3F62107976400FF282E /* NSLayoutConstraint+Extension.swift */; };
		C35CC3F921079A5E00FF282E /* NestedHeaderCell.swift in Sources */ = {isa = PBXBuildFile; fileRef = C35CC3F821079A5E00FF282E /* NestedHeaderCell.swift */; };
		C35CC3FD2107E0C000FF282E /* VirtualObjectLoader.swift in Sources */ = {isa = PBXBuildFile; fileRef = C35CC3FB2107E0C000FF282E /* VirtualObjectLoader.swift */; };
		C35CC3FE2107E0C000FF282E /* VirtualObject.swift in Sources */ = {isa = PBXBuildFile; fileRef = C35CC3FC2107E0C000FF282E /* VirtualObject.swift */; };
		C35CC4002107E24F00FF282E /* Models.scnassets in Resources */ = {isa = PBXBuildFile; fileRef = C35CC3FF2107E24F00FF282E /* Models.scnassets */; };
		C35CC40221080F9600FF282E /* loading_animation.json in Resources */ = {isa = PBXBuildFile; fileRef = C35CC40121080F9500FF282E /* loading_animation.json */; };
		C35CC40421080FB300FF282E /* phoneScan-old.json in Resources */ = {isa = PBXBuildFile; fileRef = C35CC40321080FB200FF282E /* phoneScan-old.json */; };
		C35CC4062108117C00FF282E /* bouncy_mapmaker.json in Resources */ = {isa = PBXBuildFile; fileRef = C35CC4052108117C00FF282E /* bouncy_mapmaker.json */; };
		C35CC40A210887D100FF282E /* ViewController+VirtualObjectExtension.swift in Sources */ = {isa = PBXBuildFile; fileRef = C35CC409210887D100FF282E /* ViewController+VirtualObjectExtension.swift */; };
		C35CC40C21089B7A00FF282E /* logo@3x.png in Resources */ = {isa = PBXBuildFile; fileRef = C35CC40B21089B7900FF282E /* logo@3x.png */; };
		C35CC40E21089D9D00FF282E /* UILabel+ShadowExtension.swift in Sources */ = {isa = PBXBuildFile; fileRef = C35CC40D21089D9D00FF282E /* UILabel+ShadowExtension.swift */; };
		C35CC410210ABAC000FF282E /* InfoViewController.swift in Sources */ = {isa = PBXBuildFile; fileRef = C35CC40F210ABAC000FF282E /* InfoViewController.swift */; };
		C35CC412210ABCEB00FF282E /* InfoCollectionViewCell.swift in Sources */ = {isa = PBXBuildFile; fileRef = C35CC411210ABCEB00FF282E /* InfoCollectionViewCell.swift */; };
		C35CC414210AC46B00FF282E /* ViewController+Location.swift in Sources */ = {isa = PBXBuildFile; fileRef = C35CC413210AC46B00FF282E /* ViewController+Location.swift */; };
		C35CC438210E4D2B00FF282E /* ViewController+Notification.swift in Sources */ = {isa = PBXBuildFile; fileRef = C35CC437210E4D2B00FF282E /* ViewController+Notification.swift */; };
		C35CC43A210E4D4D00FF282E /* PopUpCardViewController.swift in Sources */ = {isa = PBXBuildFile; fileRef = C35CC439210E4D4D00FF282E /* PopUpCardViewController.swift */; };
		C35E44942103ADF5009D010F /* CGPoint+Extension.swift in Sources */ = {isa = PBXBuildFile; fileRef = C35E44932103ADF5009D010F /* CGPoint+Extension.swift */; };
		C35E44962103ADFF009D010F /* BuildingCoordinates.swift in Sources */ = {isa = PBXBuildFile; fileRef = C35E44952103ADFF009D010F /* BuildingCoordinates.swift */; };
		C35E44982103AE09009D010F /* Coordinate.swift in Sources */ = {isa = PBXBuildFile; fileRef = C35E44972103AE09009D010F /* Coordinate.swift */; };
		C35E449B2103AE12009D010F /* Building.swift in Sources */ = {isa = PBXBuildFile; fileRef = C35E44992103AE12009D010F /* Building.swift */; };
		C35E449C2103AE12009D010F /* BaseMap.swift in Sources */ = {isa = PBXBuildFile; fileRef = C35E449A2103AE12009D010F /* BaseMap.swift */; };
		C35E449F2103DB84009D010F /* Hexagon.swift in Sources */ = {isa = PBXBuildFile; fileRef = C35E449D2103DB84009D010F /* Hexagon.swift */; };
		C35E44A02103DB84009D010F /* UIBezierPath+Extension.swift in Sources */ = {isa = PBXBuildFile; fileRef = C35E449E2103DB84009D010F /* UIBezierPath+Extension.swift */; };
		C35E44A22104128F009D010F /* PollView.swift in Sources */ = {isa = PBXBuildFile; fileRef = C35E44A12104128F009D010F /* PollView.swift */; };
		C36D35FD20FD7DD400ED0C9C /* AppDelegate.swift in Sources */ = {isa = PBXBuildFile; fileRef = C36D35FC20FD7DD400ED0C9C /* AppDelegate.swift */; };
		C36D35FF20FD7DD400ED0C9C /* ViewController.swift in Sources */ = {isa = PBXBuildFile; fileRef = C36D35FE20FD7DD400ED0C9C /* ViewController.swift */; };
		C36D360220FD7DD400ED0C9C /* Main.storyboard in Resources */ = {isa = PBXBuildFile; fileRef = C36D360020FD7DD400ED0C9C /* Main.storyboard */; };
		C36D360420FD7DDA00ED0C9C /* Assets.xcassets in Resources */ = {isa = PBXBuildFile; fileRef = C36D360320FD7DDA00ED0C9C /* Assets.xcassets */; };
		C36D360720FD7DDA00ED0C9C /* LaunchScreen.storyboard in Resources */ = {isa = PBXBuildFile; fileRef = C36D360520FD7DDA00ED0C9C /* LaunchScreen.storyboard */; };
		C36D361B20FD805900ED0C9C /* CGMutablePath+addArrowLine.swift in Sources */ = {isa = PBXBuildFile; fileRef = C36D360F20FD805900ED0C9C /* CGMutablePath+addArrowLine.swift */; };
		C36D361F20FD805900ED0C9C /* CircularTransition.swift in Sources */ = {isa = PBXBuildFile; fileRef = C36D361320FD805900ED0C9C /* CircularTransition.swift */; };
		C36D362020FD805900ED0C9C /* UIColor+FlatColorExtension.swift in Sources */ = {isa = PBXBuildFile; fileRef = C36D361420FD805900ED0C9C /* UIColor+FlatColorExtension.swift */; };
		C36D362120FD805900ED0C9C /* SCNVector3+Extentsion.swift in Sources */ = {isa = PBXBuildFile; fileRef = C36D361520FD805900ED0C9C /* SCNVector3+Extentsion.swift */; };
		C36D362220FD805900ED0C9C /* Utils.swift in Sources */ = {isa = PBXBuildFile; fileRef = C36D361620FD805900ED0C9C /* Utils.swift */; };
		C36D362320FD805900ED0C9C /* Collection+Shuffle.swift in Sources */ = {isa = PBXBuildFile; fileRef = C36D361720FD805900ED0C9C /* Collection+Shuffle.swift */; };
		C36D362420FD805900ED0C9C /* String+HeightExtension.swift in Sources */ = {isa = PBXBuildFile; fileRef = C36D361820FD805900ED0C9C /* String+HeightExtension.swift */; };
		C36D362520FD805900ED0C9C /* Theme.swift in Sources */ = {isa = PBXBuildFile; fileRef = C36D361920FD805900ED0C9C /* Theme.swift */; };
		C36D362E20FD83BF00ED0C9C /* CardView.swift in Sources */ = {isa = PBXBuildFile; fileRef = C36D362820FD83BE00ED0C9C /* CardView.swift */; };
		C36D362F20FD83BF00ED0C9C /* InfoView.swift in Sources */ = {isa = PBXBuildFile; fileRef = C36D362920FD83BE00ED0C9C /* InfoView.swift */; };
		C36D363020FD83BF00ED0C9C /* Plane.swift in Sources */ = {isa = PBXBuildFile; fileRef = C36D362A20FD83BE00ED0C9C /* Plane.swift */; };
		C36D363220FD83BF00ED0C9C /* Mural.swift in Sources */ = {isa = PBXBuildFile; fileRef = C36D362D20FD83BF00ED0C9C /* Mural.swift */; };
		C36D363520FD85B100ED0C9C /* ViewController+Extension.swift in Sources */ = {isa = PBXBuildFile; fileRef = C36D363420FD85B100ED0C9C /* ViewController+Extension.swift */; };
		C3C54CD72102C5D200EDD662 /* UIImage+Base64.swift in Sources */ = {isa = PBXBuildFile; fileRef = C3C54CD62102C5D200EDD662 /* UIImage+Base64.swift */; };
		C3C54CD92102C9EA00EDD662 /* String+Base64.swift in Sources */ = {isa = PBXBuildFile; fileRef = C3C54CD82102C9EA00EDD662 /* String+Base64.swift */; };
		D7E61814A6004D16CA50C9AE /* Pods_VisualEyes.framework in Frameworks */ = {isa = PBXBuildFile; fileRef = 84588F79EC97E45DEB910724 /* Pods_VisualEyes.framework */; };
/* End PBXBuildFile section */

/* Begin PBXFileReference section */
		814E5A479DC768A23B023BE3 /* Pods-VisualEyes.release.xcconfig */ = {isa = PBXFileReference; includeInIndex = 1; lastKnownFileType = text.xcconfig; name = "Pods-VisualEyes.release.xcconfig"; path = "Pods/Target Support Files/Pods-VisualEyes/Pods-VisualEyes.release.xcconfig"; sourceTree = "<group>"; };
		84588F79EC97E45DEB910724 /* Pods_VisualEyes.framework */ = {isa = PBXFileReference; explicitFileType = wrapper.framework; includeInIndex = 0; path = Pods_VisualEyes.framework; sourceTree = BUILT_PRODUCTS_DIR; };
		C32E1EC72104269400515054 /* VoteViewController.swift */ = {isa = PBXFileReference; lastKnownFileType = sourcecode.swift; path = VoteViewController.swift; sourceTree = "<group>"; };
		C32E1EC9210426AB00515054 /* EventBookletViewController.swift */ = {isa = PBXFileReference; lastKnownFileType = sourcecode.swift; path = EventBookletViewController.swift; sourceTree = "<group>"; };
		C32E1ECB21042F3700515054 /* CustomDrawView.swift */ = {isa = PBXFileReference; fileEncoding = 4; lastKnownFileType = sourcecode.swift; path = CustomDrawView.swift; sourceTree = "<group>"; };
		C33785BB2110CDB30082BDDC /* MessageViewController.swift */ = {isa = PBXFileReference; fileEncoding = 4; lastKnownFileType = sourcecode.swift; path = MessageViewController.swift; sourceTree = "<group>"; };
		C33785BD2110CDD10082BDDC /* camera.json */ = {isa = PBXFileReference; fileEncoding = 4; lastKnownFileType = text.json; path = camera.json; sourceTree = "<group>"; };
		C33785BE2110CDD10082BDDC /* not_found.json */ = {isa = PBXFileReference; fileEncoding = 4; lastKnownFileType = text.json; path = not_found.json; sourceTree = "<group>"; };
		C33785BF2110CDD10082BDDC /* no_connection.json */ = {isa = PBXFileReference; fileEncoding = 4; lastKnownFileType = text.json; path = no_connection.json; sourceTree = "<group>"; };
		C33785C02110CDD20082BDDC /* notification.json */ = {isa = PBXFileReference; fileEncoding = 4; lastKnownFileType = text.json; path = notification.json; sourceTree = "<group>"; };
		C33785C12110CDD30082BDDC /* round.json */ = {isa = PBXFileReference; fileEncoding = 4; lastKnownFileType = text.json; path = round.json; sourceTree = "<group>"; };
		C33785C72110CDEB0082BDDC /* swipe_left.json */ = {isa = PBXFileReference; fileEncoding = 4; lastKnownFileType = text.json; path = swipe_left.json; sourceTree = "<group>"; };
		C33785C92110CDF80082BDDC /* find_object.json */ = {isa = PBXFileReference; fileEncoding = 4; lastKnownFileType = text.json; path = find_object.json; sourceTree = "<group>"; };
		C33785CB2110CF1D0082BDDC /* ViewController+Dismiss.swift */ = {isa = PBXFileReference; lastKnownFileType = sourcecode.swift; path = "ViewController+Dismiss.swift"; sourceTree = "<group>"; };
		C35CC3D721050CE900FF282E /* Votebar.swift */ = {isa = PBXFileReference; fileEncoding = 4; lastKnownFileType = sourcecode.swift; path = Votebar.swift; sourceTree = "<group>"; };
		C35CC3D921050CEC00FF282E /* UIView+RoundedExtension.swift */ = {isa = PBXFileReference; fileEncoding = 4; lastKnownFileType = sourcecode.swift; path = "UIView+RoundedExtension.swift"; sourceTree = "<group>"; };
		C35CC3DB210513C100FF282E /* CustomLayout.swift */ = {isa = PBXFileReference; fileEncoding = 4; lastKnownFileType = sourcecode.swift; path = CustomLayout.swift; sourceTree = "<group>"; };
		C35CC3DD210522A400FF282E /* HeaderViewCell.swift */ = {isa = PBXFileReference; lastKnownFileType = sourcecode.swift; path = HeaderViewCell.swift; sourceTree = "<group>"; };
		C35CC3DF21067E9B00FF282E /* BookletHeaderViewCell.swift */ = {isa = PBXFileReference; lastKnownFileType = sourcecode.swift; path = BookletHeaderViewCell.swift; sourceTree = "<group>"; };
		C35CC3E3210681F800FF282E /* Connection.swift */ = {isa = PBXFileReference; lastKnownFileType = sourcecode.swift; path = Connection.swift; sourceTree = "<group>"; };
		C35CC3E521068CBC00FF282E /* EventCollectionViewCell.swift */ = {isa = PBXFileReference; lastKnownFileType = sourcecode.swift; path = EventCollectionViewCell.swift; sourceTree = "<group>"; };
		C35CC3E82106A89000FF282E /* UIImage+ColorImage.swift */ = {isa = PBXFileReference; lastKnownFileType = sourcecode.swift; path = "UIImage+ColorImage.swift"; sourceTree = "<group>"; };
		C35CC3EA2106A96300FF282E /* Float+Random.swift */ = {isa = PBXFileReference; lastKnownFileType = sourcecode.swift; path = "Float+Random.swift"; sourceTree = "<group>"; };
		C35CC3EE2107869700FF282E /* NestedCollectionViewCell.swift */ = {isa = PBXFileReference; lastKnownFileType = sourcecode.swift; path = NestedCollectionViewCell.swift; sourceTree = "<group>"; };
		C35CC3F021078C4400FF282E /* MainNaviViewController.swift */ = {isa = PBXFileReference; lastKnownFileType = sourcecode.swift; path = MainNaviViewController.swift; sourceTree = "<group>"; };
		C35CC3F22107966C00FF282E /* UICollectionView+Extension.swift */ = {isa = PBXFileReference; lastKnownFileType = sourcecode.swift; path = "UICollectionView+Extension.swift"; sourceTree = "<group>"; };
		C35CC3F62107976400FF282E /* NSLayoutConstraint+Extension.swift */ = {isa = PBXFileReference; lastKnownFileType = sourcecode.swift; path = "NSLayoutConstraint+Extension.swift"; sourceTree = "<group>"; };
		C35CC3F821079A5E00FF282E /* NestedHeaderCell.swift */ = {isa = PBXFileReference; lastKnownFileType = sourcecode.swift; path = NestedHeaderCell.swift; sourceTree = "<group>"; };
		C35CC3FB2107E0C000FF282E /* VirtualObjectLoader.swift */ = {isa = PBXFileReference; fileEncoding = 4; lastKnownFileType = sourcecode.swift; path = VirtualObjectLoader.swift; sourceTree = "<group>"; };
		C35CC3FC2107E0C000FF282E /* VirtualObject.swift */ = {isa = PBXFileReference; fileEncoding = 4; lastKnownFileType = sourcecode.swift; path = VirtualObject.swift; sourceTree = "<group>"; };
		C35CC3FF2107E24F00FF282E /* Models.scnassets */ = {isa = PBXFileReference; lastKnownFileType = wrapper.scnassets; path = Models.scnassets; sourceTree = "<group>"; };
		C35CC40121080F9500FF282E /* loading_animation.json */ = {isa = PBXFileReference; fileEncoding = 4; lastKnownFileType = text.json; path = loading_animation.json; sourceTree = "<group>"; };
		C35CC40321080FB200FF282E /* phoneScan-old.json */ = {isa = PBXFileReference; fileEncoding = 4; lastKnownFileType = text.json; path = "phoneScan-old.json"; sourceTree = "<group>"; };
		C35CC4052108117C00FF282E /* bouncy_mapmaker.json */ = {isa = PBXFileReference; fileEncoding = 4; lastKnownFileType = text.json; path = bouncy_mapmaker.json; sourceTree = "<group>"; };
		C35CC409210887D100FF282E /* ViewController+VirtualObjectExtension.swift */ = {isa = PBXFileReference; lastKnownFileType = sourcecode.swift; path = "ViewController+VirtualObjectExtension.swift"; sourceTree = "<group>"; };
		C35CC40B21089B7900FF282E /* logo@3x.png */ = {isa = PBXFileReference; lastKnownFileType = image.png; path = "logo@3x.png"; sourceTree = "<group>"; };
		C35CC40D21089D9D00FF282E /* UILabel+ShadowExtension.swift */ = {isa = PBXFileReference; lastKnownFileType = sourcecode.swift; path = "UILabel+ShadowExtension.swift"; sourceTree = "<group>"; };
		C35CC40F210ABAC000FF282E /* InfoViewController.swift */ = {isa = PBXFileReference; lastKnownFileType = sourcecode.swift; path = InfoViewController.swift; sourceTree = "<group>"; };
		C35CC411210ABCEB00FF282E /* InfoCollectionViewCell.swift */ = {isa = PBXFileReference; lastKnownFileType = sourcecode.swift; path = InfoCollectionViewCell.swift; sourceTree = "<group>"; };
		C35CC413210AC46B00FF282E /* ViewController+Location.swift */ = {isa = PBXFileReference; lastKnownFileType = sourcecode.swift; path = "ViewController+Location.swift"; sourceTree = "<group>"; };
		C35CC437210E4D2B00FF282E /* ViewController+Notification.swift */ = {isa = PBXFileReference; lastKnownFileType = sourcecode.swift; path = "ViewController+Notification.swift"; sourceTree = "<group>"; };
		C35CC439210E4D4D00FF282E /* PopUpCardViewController.swift */ = {isa = PBXFileReference; fileEncoding = 4; lastKnownFileType = sourcecode.swift; path = PopUpCardViewController.swift; sourceTree = "<group>"; };
		C35E44932103ADF5009D010F /* CGPoint+Extension.swift */ = {isa = PBXFileReference; fileEncoding = 4; lastKnownFileType = sourcecode.swift; path = "CGPoint+Extension.swift"; sourceTree = "<group>"; };
		C35E44952103ADFF009D010F /* BuildingCoordinates.swift */ = {isa = PBXFileReference; fileEncoding = 4; lastKnownFileType = sourcecode.swift; path = BuildingCoordinates.swift; sourceTree = "<group>"; };
		C35E44972103AE09009D010F /* Coordinate.swift */ = {isa = PBXFileReference; fileEncoding = 4; lastKnownFileType = sourcecode.swift; path = Coordinate.swift; sourceTree = "<group>"; };
		C35E44992103AE12009D010F /* Building.swift */ = {isa = PBXFileReference; fileEncoding = 4; lastKnownFileType = sourcecode.swift; path = Building.swift; sourceTree = "<group>"; };
		C35E449A2103AE12009D010F /* BaseMap.swift */ = {isa = PBXFileReference; fileEncoding = 4; lastKnownFileType = sourcecode.swift; path = BaseMap.swift; sourceTree = "<group>"; };
		C35E449D2103DB84009D010F /* Hexagon.swift */ = {isa = PBXFileReference; fileEncoding = 4; lastKnownFileType = sourcecode.swift; path = Hexagon.swift; sourceTree = "<group>"; };
		C35E449E2103DB84009D010F /* UIBezierPath+Extension.swift */ = {isa = PBXFileReference; fileEncoding = 4; lastKnownFileType = sourcecode.swift; name = "UIBezierPath+Extension.swift"; path = "../../../Crumbs/Crumbs/UIBezierPath+Extension.swift"; sourceTree = "<group>"; };
		C35E44A12104128F009D010F /* PollView.swift */ = {isa = PBXFileReference; lastKnownFileType = sourcecode.swift; path = PollView.swift; sourceTree = "<group>"; };
		C36D35F920FD7DD400ED0C9C /* VisualEyes.app */ = {isa = PBXFileReference; explicitFileType = wrapper.application; includeInIndex = 0; path = VisualEyes.app; sourceTree = BUILT_PRODUCTS_DIR; };
		C36D35FC20FD7DD400ED0C9C /* AppDelegate.swift */ = {isa = PBXFileReference; lastKnownFileType = sourcecode.swift; path = AppDelegate.swift; sourceTree = "<group>"; };
		C36D35FE20FD7DD400ED0C9C /* ViewController.swift */ = {isa = PBXFileReference; lastKnownFileType = sourcecode.swift; path = ViewController.swift; sourceTree = "<group>"; };
		C36D360120FD7DD400ED0C9C /* Base */ = {isa = PBXFileReference; lastKnownFileType = file.storyboard; name = Base; path = Base.lproj/Main.storyboard; sourceTree = "<group>"; };
		C36D360320FD7DDA00ED0C9C /* Assets.xcassets */ = {isa = PBXFileReference; lastKnownFileType = folder.assetcatalog; path = Assets.xcassets; sourceTree = "<group>"; };
		C36D360620FD7DDA00ED0C9C /* Base */ = {isa = PBXFileReference; lastKnownFileType = file.storyboard; name = Base; path = Base.lproj/LaunchScreen.storyboard; sourceTree = "<group>"; };
		C36D360820FD7DDA00ED0C9C /* Info.plist */ = {isa = PBXFileReference; lastKnownFileType = text.plist.xml; path = Info.plist; sourceTree = "<group>"; };
		C36D360F20FD805900ED0C9C /* CGMutablePath+addArrowLine.swift */ = {isa = PBXFileReference; fileEncoding = 4; lastKnownFileType = sourcecode.swift; path = "CGMutablePath+addArrowLine.swift"; sourceTree = "<group>"; };
		C36D361320FD805900ED0C9C /* CircularTransition.swift */ = {isa = PBXFileReference; fileEncoding = 4; lastKnownFileType = sourcecode.swift; path = CircularTransition.swift; sourceTree = "<group>"; };
		C36D361420FD805900ED0C9C /* UIColor+FlatColorExtension.swift */ = {isa = PBXFileReference; fileEncoding = 4; lastKnownFileType = sourcecode.swift; path = "UIColor+FlatColorExtension.swift"; sourceTree = "<group>"; };
		C36D361520FD805900ED0C9C /* SCNVector3+Extentsion.swift */ = {isa = PBXFileReference; fileEncoding = 4; lastKnownFileType = sourcecode.swift; path = "SCNVector3+Extentsion.swift"; sourceTree = "<group>"; };
		C36D361620FD805900ED0C9C /* Utils.swift */ = {isa = PBXFileReference; fileEncoding = 4; lastKnownFileType = sourcecode.swift; path = Utils.swift; sourceTree = "<group>"; };
		C36D361720FD805900ED0C9C /* Collection+Shuffle.swift */ = {isa = PBXFileReference; fileEncoding = 4; lastKnownFileType = sourcecode.swift; path = "Collection+Shuffle.swift"; sourceTree = "<group>"; };
		C36D361820FD805900ED0C9C /* String+HeightExtension.swift */ = {isa = PBXFileReference; fileEncoding = 4; lastKnownFileType = sourcecode.swift; path = "String+HeightExtension.swift"; sourceTree = "<group>"; };
		C36D361920FD805900ED0C9C /* Theme.swift */ = {isa = PBXFileReference; fileEncoding = 4; lastKnownFileType = sourcecode.swift; path = Theme.swift; sourceTree = "<group>"; };
		C36D362820FD83BE00ED0C9C /* CardView.swift */ = {isa = PBXFileReference; fileEncoding = 4; lastKnownFileType = sourcecode.swift; path = CardView.swift; sourceTree = "<group>"; };
		C36D362920FD83BE00ED0C9C /* InfoView.swift */ = {isa = PBXFileReference; fileEncoding = 4; lastKnownFileType = sourcecode.swift; path = InfoView.swift; sourceTree = "<group>"; };
		C36D362A20FD83BE00ED0C9C /* Plane.swift */ = {isa = PBXFileReference; fileEncoding = 4; lastKnownFileType = sourcecode.swift; path = Plane.swift; sourceTree = "<group>"; };
		C36D362D20FD83BF00ED0C9C /* Mural.swift */ = {isa = PBXFileReference; fileEncoding = 4; lastKnownFileType = sourcecode.swift; path = Mural.swift; sourceTree = "<group>"; };
		C36D363420FD85B100ED0C9C /* ViewController+Extension.swift */ = {isa = PBXFileReference; lastKnownFileType = sourcecode.swift; path = "ViewController+Extension.swift"; sourceTree = "<group>"; };
		C3C54CD62102C5D200EDD662 /* UIImage+Base64.swift */ = {isa = PBXFileReference; lastKnownFileType = sourcecode.swift; path = "UIImage+Base64.swift"; sourceTree = "<group>"; };
		C3C54CD82102C9EA00EDD662 /* String+Base64.swift */ = {isa = PBXFileReference; lastKnownFileType = sourcecode.swift; path = "String+Base64.swift"; sourceTree = "<group>"; };
		D381943B6467597A20B98903 /* Pods-VisualEyes.debug.xcconfig */ = {isa = PBXFileReference; includeInIndex = 1; lastKnownFileType = text.xcconfig; name = "Pods-VisualEyes.debug.xcconfig"; path = "Pods/Target Support Files/Pods-VisualEyes/Pods-VisualEyes.debug.xcconfig"; sourceTree = "<group>"; };
/* End PBXFileReference section */

/* Begin PBXFrameworksBuildPhase section */
		C36D35F620FD7DD400ED0C9C /* Frameworks */ = {
			isa = PBXFrameworksBuildPhase;
			buildActionMask = 2147483647;
			files = (
				D7E61814A6004D16CA50C9AE /* Pods_VisualEyes.framework in Frameworks */,
			);
			runOnlyForDeploymentPostprocessing = 0;
		};
/* End PBXFrameworksBuildPhase section */

/* Begin PBXGroup section */
		1A727741FBFE0174A8CC2C12 /* Frameworks */ = {
			isa = PBXGroup;
			children = (
				84588F79EC97E45DEB910724 /* Pods_VisualEyes.framework */,
			);
			name = Frameworks;
			sourceTree = "<group>";
		};
		2FFE6404B35A1D7BBEA88040 /* Pods */ = {
			isa = PBXGroup;
			children = (
				D381943B6467597A20B98903 /* Pods-VisualEyes.debug.xcconfig */,
				814E5A479DC768A23B023BE3 /* Pods-VisualEyes.release.xcconfig */,
			);
			name = Pods;
			sourceTree = "<group>";
		};
		C35CC3E721068CE100FF282E /* Collection View Cells */ = {
			isa = PBXGroup;
			children = (
				C35CC3DD210522A400FF282E /* HeaderViewCell.swift */,
				C35CC3DF21067E9B00FF282E /* BookletHeaderViewCell.swift */,
				C35CC3E521068CBC00FF282E /* EventCollectionViewCell.swift */,
				C35CC3EE2107869700FF282E /* NestedCollectionViewCell.swift */,
				C35CC411210ABCEB00FF282E /* InfoCollectionViewCell.swift */,
				C35CC3F821079A5E00FF282E /* NestedHeaderCell.swift */,
			);
			path = "Collection View Cells";
			sourceTree = "<group>";
		};
		C35CC3FA2107E0A900FF282E /* Virtual Objects */ = {
			isa = PBXGroup;
			children = (
				C35CC3FC2107E0C000FF282E /* VirtualObject.swift */,
				C35CC3FB2107E0C000FF282E /* VirtualObjectLoader.swift */,
			);
			path = "Virtual Objects";
			sourceTree = "<group>";
		};
		C36D35F020FD7DD400ED0C9C = {
			isa = PBXGroup;
			children = (
				C36D35FB20FD7DD400ED0C9C /* VisualEyes */,
				C36D35FA20FD7DD400ED0C9C /* Products */,
				2FFE6404B35A1D7BBEA88040 /* Pods */,
				1A727741FBFE0174A8CC2C12 /* Frameworks */,
			);
			sourceTree = "<group>";
		};
		C36D35FA20FD7DD400ED0C9C /* Products */ = {
			isa = PBXGroup;
			children = (
				C36D35F920FD7DD400ED0C9C /* VisualEyes.app */,
			);
			name = Products;
			sourceTree = "<group>";
		};
		C36D35FB20FD7DD400ED0C9C /* VisualEyes */ = {
			isa = PBXGroup;
			children = (
				C35CC3FA2107E0A900FF282E /* Virtual Objects */,
				C36D35FC20FD7DD400ED0C9C /* AppDelegate.swift */,
				C36D363320FD859C00ED0C9C /* Controllers */,
				C36D360020FD7DD400ED0C9C /* Main.storyboard */,
				C36D362C20FD83BF00ED0C9C /* Models */,
				C36D362720FD83BE00ED0C9C /* Views */,
				C36D360E20FD805900ED0C9C /* Utils */,
				C36D360320FD7DDA00ED0C9C /* Assets.xcassets */,
				C35CC40321080FB200FF282E /* phoneScan-old.json */,
				C35CC4052108117C00FF282E /* bouncy_mapmaker.json */,
				C33785C92110CDF80082BDDC /* find_object.json */,
				C33785BD2110CDD10082BDDC /* camera.json */,
				C33785C72110CDEB0082BDDC /* swipe_left.json */,
				C33785BF2110CDD10082BDDC /* no_connection.json */,
				C33785BE2110CDD10082BDDC /* not_found.json */,
				C33785C02110CDD20082BDDC /* notification.json */,
				C33785C12110CDD30082BDDC /* round.json */,
				C35CC40121080F9500FF282E /* loading_animation.json */,
				C35CC3FF2107E24F00FF282E /* Models.scnassets */,
				C36D360520FD7DDA00ED0C9C /* LaunchScreen.storyboard */,
				C35CC40B21089B7900FF282E /* logo@3x.png */,
				C36D360820FD7DDA00ED0C9C /* Info.plist */,
			);
			path = VisualEyes;
			sourceTree = "<group>";
		};
		C36D360E20FD805900ED0C9C /* Utils */ = {
			isa = PBXGroup;
			children = (
				C36D360F20FD805900ED0C9C /* CGMutablePath+addArrowLine.swift */,
				C36D361320FD805900ED0C9C /* CircularTransition.swift */,
				C36D361420FD805900ED0C9C /* UIColor+FlatColorExtension.swift */,
				C36D361520FD805900ED0C9C /* SCNVector3+Extentsion.swift */,
				C36D361620FD805900ED0C9C /* Utils.swift */,
				C35CC3F62107976400FF282E /* NSLayoutConstraint+Extension.swift */,
				C35CC3EA2106A96300FF282E /* Float+Random.swift */,
				C36D361720FD805900ED0C9C /* Collection+Shuffle.swift */,
				C35CC3F22107966C00FF282E /* UICollectionView+Extension.swift */,
				C35CC40D21089D9D00FF282E /* UILabel+ShadowExtension.swift */,
				C35CC3D921050CEC00FF282E /* UIView+RoundedExtension.swift */,
				C35CC3E3210681F800FF282E /* Connection.swift */,
				C36D361820FD805900ED0C9C /* String+HeightExtension.swift */,
				C35E44932103ADF5009D010F /* CGPoint+Extension.swift */,
				C3C54CD82102C9EA00EDD662 /* String+Base64.swift */,
				C35CC3DB210513C100FF282E /* CustomLayout.swift */,
				C35E449D2103DB84009D010F /* Hexagon.swift */,
				C32E1ECB21042F3700515054 /* CustomDrawView.swift */,
				C35E449E2103DB84009D010F /* UIBezierPath+Extension.swift */,
				C36D361920FD805900ED0C9C /* Theme.swift */,
				C35CC3E82106A89000FF282E /* UIImage+ColorImage.swift */,
				C3C54CD62102C5D200EDD662 /* UIImage+Base64.swift */,
			);
			path = Utils;
			sourceTree = "<group>";
		};
		C36D362720FD83BE00ED0C9C /* Views */ = {
			isa = PBXGroup;
			children = (
				C36D362820FD83BE00ED0C9C /* CardView.swift */,
				C35E44A12104128F009D010F /* PollView.swift */,
				C35CC3E721068CE100FF282E /* Collection View Cells */,
				C36D362920FD83BE00ED0C9C /* InfoView.swift */,
				C35CC3D721050CE900FF282E /* Votebar.swift */,
				C35E449A2103AE12009D010F /* BaseMap.swift */,
				C35E44992103AE12009D010F /* Building.swift */,
				C36D362A20FD83BE00ED0C9C /* Plane.swift */,
			);
			path = Views;
			sourceTree = "<group>";
		};
		C36D362C20FD83BF00ED0C9C /* Models */ = {
			isa = PBXGroup;
			children = (
				C36D362D20FD83BF00ED0C9C /* Mural.swift */,
				C35E44972103AE09009D010F /* Coordinate.swift */,
				C35E44952103ADFF009D010F /* BuildingCoordinates.swift */,
			);
			path = Models;
			sourceTree = "<group>";
		};
		C36D363320FD859C00ED0C9C /* Controllers */ = {
			isa = PBXGroup;
			children = (
				C36D35FE20FD7DD400ED0C9C /* ViewController.swift */,
				C36D363420FD85B100ED0C9C /* ViewController+Extension.swift */,
				C35CC413210AC46B00FF282E /* ViewController+Location.swift */,
				C35CC437210E4D2B00FF282E /* ViewController+Notification.swift */,
				C35CC409210887D100FF282E /* ViewController+VirtualObjectExtension.swift */,
				C33785CB2110CF1D0082BDDC /* ViewController+Dismiss.swift */,
				C32E1EC9210426AB00515054 /* EventBookletViewController.swift */,
				C33785BB2110CDB30082BDDC /* MessageViewController.swift */,
				C35CC439210E4D4D00FF282E /* PopUpCardViewController.swift */,
				C35CC3F021078C4400FF282E /* MainNaviViewController.swift */,
				C35CC40F210ABAC000FF282E /* InfoViewController.swift */,
				C32E1EC72104269400515054 /* VoteViewController.swift */,
			);
			path = Controllers;
			sourceTree = "<group>";
		};
/* End PBXGroup section */

/* Begin PBXNativeTarget section */
		C36D35F820FD7DD400ED0C9C /* VisualEyes */ = {
			isa = PBXNativeTarget;
			buildConfigurationList = C36D360B20FD7DDA00ED0C9C /* Build configuration list for PBXNativeTarget "VisualEyes" */;
			buildPhases = (
				DE40E10E2817834FE061D926 /* [CP] Check Pods Manifest.lock */,
				C36D35F520FD7DD400ED0C9C /* Sources */,
				C36D35F620FD7DD400ED0C9C /* Frameworks */,
				C36D35F720FD7DD400ED0C9C /* Resources */,
				BDB9FD144861057985B7CDFB /* [CP] Embed Pods Frameworks */,
			);
			buildRules = (
			);
			dependencies = (
			);
			name = VisualEyes;
			productName = VisualEyes;
			productReference = C36D35F920FD7DD400ED0C9C /* VisualEyes.app */;
			productType = "com.apple.product-type.application";
		};
/* End PBXNativeTarget section */

/* Begin PBXProject section */
		C36D35F120FD7DD400ED0C9C /* Project object */ = {
			isa = PBXProject;
			attributes = {
				LastSwiftUpdateCheck = 0940;
				LastUpgradeCheck = 0940;
				ORGANIZATIONNAME = "Danny Chew";
				TargetAttributes = {
					C36D35F820FD7DD400ED0C9C = {
						CreatedOnToolsVersion = 9.4.1;
					};
				};
			};
			buildConfigurationList = C36D35F420FD7DD400ED0C9C /* Build configuration list for PBXProject "VisualEyes" */;
			compatibilityVersion = "Xcode 9.3";
			developmentRegion = en;
			hasScannedForEncodings = 0;
			knownRegions = (
				en,
				Base,
			);
			mainGroup = C36D35F020FD7DD400ED0C9C;
			productRefGroup = C36D35FA20FD7DD400ED0C9C /* Products */;
			projectDirPath = "";
			projectRoot = "";
			targets = (
				C36D35F820FD7DD400ED0C9C /* VisualEyes */,
			);
		};
/* End PBXProject section */

/* Begin PBXResourcesBuildPhase section */
		C36D35F720FD7DD400ED0C9C /* Resources */ = {
			isa = PBXResourcesBuildPhase;
			buildActionMask = 2147483647;
			files = (
				C33785C32110CDD30082BDDC /* not_found.json in Resources */,
				C36D360720FD7DDA00ED0C9C /* LaunchScreen.storyboard in Resources */,
				C35CC4002107E24F00FF282E /* Models.scnassets in Resources */,
				C33785C82110CDEB0082BDDC /* swipe_left.json in Resources */,
				C35CC40C21089B7A00FF282E /* logo@3x.png in Resources */,
				C33785C52110CDD30082BDDC /* notification.json in Resources */,
				C35CC40221080F9600FF282E /* loading_animation.json in Resources */,
				C35CC40421080FB300FF282E /* phoneScan-old.json in Resources */,
				C36D360420FD7DDA00ED0C9C /* Assets.xcassets in Resources */,
				C36D360220FD7DD400ED0C9C /* Main.storyboard in Resources */,
				C33785CA2110CDF80082BDDC /* find_object.json in Resources */,
				C33785C22110CDD30082BDDC /* camera.json in Resources */,
				C35CC4062108117C00FF282E /* bouncy_mapmaker.json in Resources */,
				C33785C62110CDD30082BDDC /* round.json in Resources */,
				C33785C42110CDD30082BDDC /* no_connection.json in Resources */,
			);
			runOnlyForDeploymentPostprocessing = 0;
		};
/* End PBXResourcesBuildPhase section */

/* Begin PBXShellScriptBuildPhase section */
		BDB9FD144861057985B7CDFB /* [CP] Embed Pods Frameworks */ = {
			isa = PBXShellScriptBuildPhase;
			buildActionMask = 2147483647;
			files = (
			);
			inputPaths = (
				"${SRCROOT}/Pods/Target Support Files/Pods-VisualEyes/Pods-VisualEyes-frameworks.sh",
				"${BUILT_PRODUCTS_DIR}/SwiftyJSON/SwiftyJSON.framework",
				"${BUILT_PRODUCTS_DIR}/lottie-ios/Lottie.framework",
			);
			name = "[CP] Embed Pods Frameworks";
			outputPaths = (
				"${TARGET_BUILD_DIR}/${FRAMEWORKS_FOLDER_PATH}/SwiftyJSON.framework",
				"${TARGET_BUILD_DIR}/${FRAMEWORKS_FOLDER_PATH}/Lottie.framework",
			);
			runOnlyForDeploymentPostprocessing = 0;
			shellPath = /bin/sh;
			shellScript = "\"${SRCROOT}/Pods/Target Support Files/Pods-VisualEyes/Pods-VisualEyes-frameworks.sh\"\n";
			showEnvVarsInLog = 0;
		};
		DE40E10E2817834FE061D926 /* [CP] Check Pods Manifest.lock */ = {
			isa = PBXShellScriptBuildPhase;
			buildActionMask = 2147483647;
			files = (
			);
			inputPaths = (
				"${PODS_PODFILE_DIR_PATH}/Podfile.lock",
				"${PODS_ROOT}/Manifest.lock",
			);
			name = "[CP] Check Pods Manifest.lock";
			outputPaths = (
				"$(DERIVED_FILE_DIR)/Pods-VisualEyes-checkManifestLockResult.txt",
			);
			runOnlyForDeploymentPostprocessing = 0;
			shellPath = /bin/sh;
			shellScript = "diff \"${PODS_PODFILE_DIR_PATH}/Podfile.lock\" \"${PODS_ROOT}/Manifest.lock\" > /dev/null\nif [ $? != 0 ] ; then\n    # print error to STDERR\n    echo \"error: The sandbox is not in sync with the Podfile.lock. Run 'pod install' or update your CocoaPods installation.\" >&2\n    exit 1\nfi\n# This output is used by Xcode 'outputs' to avoid re-running this script phase.\necho \"SUCCESS\" > \"${SCRIPT_OUTPUT_FILE_0}\"\n";
			showEnvVarsInLog = 0;
		};
/* End PBXShellScriptBuildPhase section */

/* Begin PBXSourcesBuildPhase section */
		C36D35F520FD7DD400ED0C9C /* Sources */ = {
			isa = PBXSourcesBuildPhase;
			buildActionMask = 2147483647;
			files = (
				C32E1EC82104269400515054 /* VoteViewController.swift in Sources */,
				C35CC3E621068CBC00FF282E /* EventCollectionViewCell.swift in Sources */,
				C35CC414210AC46B00FF282E /* ViewController+Location.swift in Sources */,
				C35CC3DC210513C100FF282E /* CustomLayout.swift in Sources */,
				C35CC3EB2106A96400FF282E /* Float+Random.swift in Sources */,
				C35CC438210E4D2B00FF282E /* ViewController+Notification.swift in Sources */,
				C36D363520FD85B100ED0C9C /* ViewController+Extension.swift in Sources */,
				C36D35FF20FD7DD400ED0C9C /* ViewController.swift in Sources */,
				C35E449F2103DB84009D010F /* Hexagon.swift in Sources */,
				C35E44942103ADF5009D010F /* CGPoint+Extension.swift in Sources */,
				C35E449B2103AE12009D010F /* Building.swift in Sources */,
				C36D361F20FD805900ED0C9C /* CircularTransition.swift in Sources */,
				C35CC40E21089D9D00FF282E /* UILabel+ShadowExtension.swift in Sources */,
				C35CC3FD2107E0C000FF282E /* VirtualObjectLoader.swift in Sources */,
				C33785BC2110CDB30082BDDC /* MessageViewController.swift in Sources */,
				C35CC3E92106A89000FF282E /* UIImage+ColorImage.swift in Sources */,
				C35E44A02103DB84009D010F /* UIBezierPath+Extension.swift in Sources */,
				C36D362120FD805900ED0C9C /* SCNVector3+Extentsion.swift in Sources */,
				C36D362520FD805900ED0C9C /* Theme.swift in Sources */,
				C35CC3E4210681F800FF282E /* Connection.swift in Sources */,
				C35CC3FE2107E0C000FF282E /* VirtualObject.swift in Sources */,
				C35CC3DA21050CEC00FF282E /* UIView+RoundedExtension.swift in Sources */,
				C35CC3F32107966C00FF282E /* UICollectionView+Extension.swift in Sources */,
				C36D361B20FD805900ED0C9C /* CGMutablePath+addArrowLine.swift in Sources */,
				C35CC3EF2107869800FF282E /* NestedCollectionViewCell.swift in Sources */,
				C35CC3F921079A5E00FF282E /* NestedHeaderCell.swift in Sources */,
				C35CC43A210E4D4D00FF282E /* PopUpCardViewController.swift in Sources */,
				C36D362F20FD83BF00ED0C9C /* InfoView.swift in Sources */,
				C36D363020FD83BF00ED0C9C /* Plane.swift in Sources */,
				C35E44962103ADFF009D010F /* BuildingCoordinates.swift in Sources */,
				C36D363220FD83BF00ED0C9C /* Mural.swift in Sources */,
				C36D362220FD805900ED0C9C /* Utils.swift in Sources */,
				C36D362020FD805900ED0C9C /* UIColor+FlatColorExtension.swift in Sources */,
				C35CC3DE210522A400FF282E /* HeaderViewCell.swift in Sources */,
				C32E1ECA210426AB00515054 /* EventBookletViewController.swift in Sources */,
				C36D362320FD805900ED0C9C /* Collection+Shuffle.swift in Sources */,
				C35E44982103AE09009D010F /* Coordinate.swift in Sources */,
				C35CC40A210887D100FF282E /* ViewController+VirtualObjectExtension.swift in Sources */,
				C35E449C2103AE12009D010F /* BaseMap.swift in Sources */,
				C35CC410210ABAC000FF282E /* InfoViewController.swift in Sources */,
				C35E44A22104128F009D010F /* PollView.swift in Sources */,
				C35CC3E021067E9B00FF282E /* BookletHeaderViewCell.swift in Sources */,
				C36D35FD20FD7DD400ED0C9C /* AppDelegate.swift in Sources */,
				C3C54CD92102C9EA00EDD662 /* String+Base64.swift in Sources */,
				C36D362420FD805900ED0C9C /* String+HeightExtension.swift in Sources */,
				C33785CC2110CF1D0082BDDC /* ViewController+Dismiss.swift in Sources */,
				C35CC3F72107976400FF282E /* NSLayoutConstraint+Extension.swift in Sources */,
				C35CC412210ABCEB00FF282E /* InfoCollectionViewCell.swift in Sources */,
				C35CC3D821050CE900FF282E /* Votebar.swift in Sources */,
				C35CC3F121078C4400FF282E /* MainNaviViewController.swift in Sources */,
				C3C54CD72102C5D200EDD662 /* UIImage+Base64.swift in Sources */,
				C36D362E20FD83BF00ED0C9C /* CardView.swift in Sources */,
				C32E1ECC21042F3700515054 /* CustomDrawView.swift in Sources */,
			);
			runOnlyForDeploymentPostprocessing = 0;
		};
/* End PBXSourcesBuildPhase section */

/* Begin PBXVariantGroup section */
		C36D360020FD7DD400ED0C9C /* Main.storyboard */ = {
			isa = PBXVariantGroup;
			children = (
				C36D360120FD7DD400ED0C9C /* Base */,
			);
			name = Main.storyboard;
			sourceTree = "<group>";
		};
		C36D360520FD7DDA00ED0C9C /* LaunchScreen.storyboard */ = {
			isa = PBXVariantGroup;
			children = (
				C36D360620FD7DDA00ED0C9C /* Base */,
			);
			name = LaunchScreen.storyboard;
			sourceTree = "<group>";
		};
/* End PBXVariantGroup section */

/* Begin XCBuildConfiguration section */
		C36D360920FD7DDA00ED0C9C /* Debug */ = {
			isa = XCBuildConfiguration;
			buildSettings = {
				ALWAYS_SEARCH_USER_PATHS = NO;
				CLANG_ANALYZER_NONNULL = YES;
				CLANG_ANALYZER_NUMBER_OBJECT_CONVERSION = YES_AGGRESSIVE;
				CLANG_CXX_LANGUAGE_STANDARD = "gnu++14";
				CLANG_CXX_LIBRARY = "libc++";
				CLANG_ENABLE_MODULES = YES;
				CLANG_ENABLE_OBJC_ARC = YES;
				CLANG_ENABLE_OBJC_WEAK = YES;
				CLANG_WARN_BLOCK_CAPTURE_AUTORELEASING = YES;
				CLANG_WARN_BOOL_CONVERSION = YES;
				CLANG_WARN_COMMA = YES;
				CLANG_WARN_CONSTANT_CONVERSION = YES;
				CLANG_WARN_DEPRECATED_OBJC_IMPLEMENTATIONS = YES;
				CLANG_WARN_DIRECT_OBJC_ISA_USAGE = YES_ERROR;
				CLANG_WARN_DOCUMENTATION_COMMENTS = YES;
				CLANG_WARN_EMPTY_BODY = YES;
				CLANG_WARN_ENUM_CONVERSION = YES;
				CLANG_WARN_INFINITE_RECURSION = YES;
				CLANG_WARN_INT_CONVERSION = YES;
				CLANG_WARN_NON_LITERAL_NULL_CONVERSION = YES;
				CLANG_WARN_OBJC_IMPLICIT_RETAIN_SELF = YES;
				CLANG_WARN_OBJC_LITERAL_CONVERSION = YES;
				CLANG_WARN_OBJC_ROOT_CLASS = YES_ERROR;
				CLANG_WARN_RANGE_LOOP_ANALYSIS = YES;
				CLANG_WARN_STRICT_PROTOTYPES = YES;
				CLANG_WARN_SUSPICIOUS_MOVE = YES;
				CLANG_WARN_UNGUARDED_AVAILABILITY = YES_AGGRESSIVE;
				CLANG_WARN_UNREACHABLE_CODE = YES;
				CLANG_WARN__DUPLICATE_METHOD_MATCH = YES;
				CODE_SIGN_IDENTITY = "iPhone Developer";
				COPY_PHASE_STRIP = NO;
				DEBUG_INFORMATION_FORMAT = dwarf;
				ENABLE_STRICT_OBJC_MSGSEND = YES;
				ENABLE_TESTABILITY = YES;
				GCC_C_LANGUAGE_STANDARD = gnu11;
				GCC_DYNAMIC_NO_PIC = NO;
				GCC_NO_COMMON_BLOCKS = YES;
				GCC_OPTIMIZATION_LEVEL = 0;
				GCC_PREPROCESSOR_DEFINITIONS = (
					"DEBUG=1",
					"$(inherited)",
				);
				GCC_WARN_64_TO_32_BIT_CONVERSION = YES;
				GCC_WARN_ABOUT_RETURN_TYPE = YES_ERROR;
				GCC_WARN_UNDECLARED_SELECTOR = YES;
				GCC_WARN_UNINITIALIZED_AUTOS = YES_AGGRESSIVE;
				GCC_WARN_UNUSED_FUNCTION = YES;
				GCC_WARN_UNUSED_VARIABLE = YES;
				IPHONEOS_DEPLOYMENT_TARGET = 11.4;
				MTL_ENABLE_DEBUG_INFO = YES;
				ONLY_ACTIVE_ARCH = YES;
				SDKROOT = iphoneos;
				SWIFT_ACTIVE_COMPILATION_CONDITIONS = DEBUG;
				SWIFT_OPTIMIZATION_LEVEL = "-Onone";
			};
			name = Debug;
		};
		C36D360A20FD7DDA00ED0C9C /* Release */ = {
			isa = XCBuildConfiguration;
			buildSettings = {
				ALWAYS_SEARCH_USER_PATHS = NO;
				CLANG_ANALYZER_NONNULL = YES;
				CLANG_ANALYZER_NUMBER_OBJECT_CONVERSION = YES_AGGRESSIVE;
				CLANG_CXX_LANGUAGE_STANDARD = "gnu++14";
				CLANG_CXX_LIBRARY = "libc++";
				CLANG_ENABLE_MODULES = YES;
				CLANG_ENABLE_OBJC_ARC = YES;
				CLANG_ENABLE_OBJC_WEAK = YES;
				CLANG_WARN_BLOCK_CAPTURE_AUTORELEASING = YES;
				CLANG_WARN_BOOL_CONVERSION = YES;
				CLANG_WARN_COMMA = YES;
				CLANG_WARN_CONSTANT_CONVERSION = YES;
				CLANG_WARN_DEPRECATED_OBJC_IMPLEMENTATIONS = YES;
				CLANG_WARN_DIRECT_OBJC_ISA_USAGE = YES_ERROR;
				CLANG_WARN_DOCUMENTATION_COMMENTS = YES;
				CLANG_WARN_EMPTY_BODY = YES;
				CLANG_WARN_ENUM_CONVERSION = YES;
				CLANG_WARN_INFINITE_RECURSION = YES;
				CLANG_WARN_INT_CONVERSION = YES;
				CLANG_WARN_NON_LITERAL_NULL_CONVERSION = YES;
				CLANG_WARN_OBJC_IMPLICIT_RETAIN_SELF = YES;
				CLANG_WARN_OBJC_LITERAL_CONVERSION = YES;
				CLANG_WARN_OBJC_ROOT_CLASS = YES_ERROR;
				CLANG_WARN_RANGE_LOOP_ANALYSIS = YES;
				CLANG_WARN_STRICT_PROTOTYPES = YES;
				CLANG_WARN_SUSPICIOUS_MOVE = YES;
				CLANG_WARN_UNGUARDED_AVAILABILITY = YES_AGGRESSIVE;
				CLANG_WARN_UNREACHABLE_CODE = YES;
				CLANG_WARN__DUPLICATE_METHOD_MATCH = YES;
				CODE_SIGN_IDENTITY = "iPhone Developer";
				COPY_PHASE_STRIP = NO;
				DEBUG_INFORMATION_FORMAT = "dwarf-with-dsym";
				ENABLE_NS_ASSERTIONS = NO;
				ENABLE_STRICT_OBJC_MSGSEND = YES;
				GCC_C_LANGUAGE_STANDARD = gnu11;
				GCC_NO_COMMON_BLOCKS = YES;
				GCC_WARN_64_TO_32_BIT_CONVERSION = YES;
				GCC_WARN_ABOUT_RETURN_TYPE = YES_ERROR;
				GCC_WARN_UNDECLARED_SELECTOR = YES;
				GCC_WARN_UNINITIALIZED_AUTOS = YES_AGGRESSIVE;
				GCC_WARN_UNUSED_FUNCTION = YES;
				GCC_WARN_UNUSED_VARIABLE = YES;
				IPHONEOS_DEPLOYMENT_TARGET = 11.4;
				MTL_ENABLE_DEBUG_INFO = NO;
				SDKROOT = iphoneos;
				SWIFT_COMPILATION_MODE = wholemodule;
				SWIFT_OPTIMIZATION_LEVEL = "-O";
				VALIDATE_PRODUCT = YES;
			};
			name = Release;
		};
		C36D360C20FD7DDA00ED0C9C /* Debug */ = {
			isa = XCBuildConfiguration;
			baseConfigurationReference = D381943B6467597A20B98903 /* Pods-VisualEyes.debug.xcconfig */;
			buildSettings = {
				ASSETCATALOG_COMPILER_APPICON_NAME = AppIcon;
				CODE_SIGN_STYLE = Automatic;
				DEVELOPMENT_TEAM = 6BPD8D4GQ3;
				INFOPLIST_FILE = VisualEyes/Info.plist;
				LD_RUNPATH_SEARCH_PATHS = (
					"$(inherited)",
					"@executable_path/Frameworks",
				);
				PRODUCT_BUNDLE_IDENTIFIER = visualEyes.VisualEyes;
				PRODUCT_NAME = "$(TARGET_NAME)";
				SWIFT_VERSION = 4.0;
				TARGETED_DEVICE_FAMILY = "1,2";
			};
			name = Debug;
		};
		C36D360D20FD7DDA00ED0C9C /* Release */ = {
			isa = XCBuildConfiguration;
			baseConfigurationReference = 814E5A479DC768A23B023BE3 /* Pods-VisualEyes.release.xcconfig */;
			buildSettings = {
				ASSETCATALOG_COMPILER_APPICON_NAME = AppIcon;
				CODE_SIGN_STYLE = Automatic;
				DEVELOPMENT_TEAM = 6BPD8D4GQ3;
				INFOPLIST_FILE = VisualEyes/Info.plist;
				LD_RUNPATH_SEARCH_PATHS = (
					"$(inherited)",
					"@executable_path/Frameworks",
				);
				PRODUCT_BUNDLE_IDENTIFIER = visualEyes.VisualEyes;
				PRODUCT_NAME = "$(TARGET_NAME)";
				SWIFT_VERSION = 4.0;
				TARGETED_DEVICE_FAMILY = "1,2";
			};
			name = Release;
		};
/* End XCBuildConfiguration section */

/* Begin XCConfigurationList section */
		C36D35F420FD7DD400ED0C9C /* Build configuration list for PBXProject "VisualEyes" */ = {
			isa = XCConfigurationList;
			buildConfigurations = (
				C36D360920FD7DDA00ED0C9C /* Debug */,
				C36D360A20FD7DDA00ED0C9C /* Release */,
			);
			defaultConfigurationIsVisible = 0;
			defaultConfigurationName = Release;
		};
		C36D360B20FD7DDA00ED0C9C /* Build configuration list for PBXNativeTarget "VisualEyes" */ = {
			isa = XCConfigurationList;
			buildConfigurations = (
				C36D360C20FD7DDA00ED0C9C /* Debug */,
				C36D360D20FD7DDA00ED0C9C /* Release */,
			);
			defaultConfigurationIsVisible = 0;
			defaultConfigurationName = Release;
		};
/* End XCConfigurationList section */
	};
	rootObject = C36D35F120FD7DD400ED0C9C /* Project object */;
}
